
Microsoft Visual Studio Solution File, Format Version 12.00
# Visual Studio Version 17
VisualStudioVersion = 17.1.32328.378
MinimumVisualStudioVersion = 10.0.40219.1
Project("{FAE04EC0-301F-11D3-BF4B-00C04F79EFBC}") = "Hackathon", "Hackathon\Hackathon.csproj", "{8EC60A27-F85E-4F81-A62C-2651901BA142}"
EndProject
Project("{FAE04EC0-301F-11D3-BF4B-00C04F79EFBC}") = "tests_unitaires_hackathon", "tu_hackathon\tests_unitaires_hackathon\tests_unitaires_hackathon.csproj", "{768CECEF-C562-400B-9A2C-2D475D885377}"
EndProject
Global
	GlobalSection(SolutionConfigurationPlatforms) = preSolution
		Debug|Any CPU = Debug|Any CPU
		Release|Any CPU = Release|Any CPU
	EndGlobalSection
	GlobalSection(ProjectConfigurationPlatforms) = postSolution
		{8EC60A27-F85E-4F81-A62C-2651901BA142}.Debug|Any CPU.ActiveCfg = Debug|Any CPU
		{8EC60A27-F85E-4F81-A62C-2651901BA142}.Debug|Any CPU.Build.0 = Debug|Any CPU
		{8EC60A27-F85E-4F81-A62C-2651901BA142}.Release|Any CPU.ActiveCfg = Release|Any CPU
		{8EC60A27-F85E-4F81-A62C-2651901BA142}.Release|Any CPU.Build.0 = Release|Any CPU
		{768CECEF-C562-400B-9A2C-2D475D885377}.Debug|Any CPU.ActiveCfg = Debug|Any CPU
		{768CECEF-C562-400B-9A2C-2D475D885377}.Debug|Any CPU.Build.0 = Debug|Any CPU
		{768CECEF-C562-400B-9A2C-2D475D885377}.Release|Any CPU.ActiveCfg = Release|Any CPU
		{768CECEF-C562-400B-9A2C-2D475D885377}.Release|Any CPU.Build.0 = Release|Any CPU
	EndGlobalSection
	GlobalSection(SolutionProperties) = preSolution
		HideSolutionNode = FALSE
	EndGlobalSection
	GlobalSection(ExtensibilityGlobals) = postSolution
		SolutionGuid = {B8ED2C70-1440-435C-AB18-F562D5E13677}
	EndGlobalSection
EndGlobal
